{
  "name": "tsgo-duplicate-file-bug",
  "version": "1.0.0",
  "lockfileVersion": 3,
  "requires": true,
  "packages": {
    "": {
      "name": "tsgo-duplicate-file-bug",
      "version": "1.0.0",
      "license": "ISC",
      "dependencies": {
        "@typescript/native-preview": "^7.0.0-dev.20250529.1"
      }
    },
    "node_modules/@typescript/native-preview": {
      "version": "7.0.0-dev.20250529.1",
      "resolved": "https://registry.npmjs.org/@typescript/native-preview/-/native-preview-7.0.0-dev.20250529.1.tgz",
      "integrity": "sha512-NOeud1cOgBbNNNSWo6FvqSYeFyiD49/18579QUp1i2TR0Pb2OTeG7zt6PPO56PXCrGH+fp9jYlbiEZ+JTWZOAg==",
      "bin": {
        "tsgo": "bin/tsgo.js"
      },
      "engines": {
        "node": ">=20.6.0"
      },
      "optionalDependencies": {
        "@typescript/native-preview-darwin-arm64": "7.0.0-dev.20250529.1",
        "@typescript/native-preview-darwin-x64": "7.0.0-dev.20250529.1",
        "@typescript/native-preview-linux-arm": "7.0.0-dev.20250529.1",
        "@typescript/native-preview-linux-arm64": "7.0.0-dev.20250529.1",
        "@typescript/native-preview-linux-x64": "7.0.0-dev.20250529.1",
        "@typescript/native-preview-win32-arm64": "7.0.0-dev.20250529.1",
        "@typescript/native-preview-win32-x64": "7.0.0-dev.20250529.1"
      }
    },
    "node_modules/@typescript/native-preview-darwin-arm64": {
      "version": "7.0.0-dev.20250529.1",
      "resolved": "https://registry.npmjs.org/@typescript/native-preview-darwin-arm64/-/native-preview-darwin-arm64-7.0.0-dev.20250529.1.tgz",
      "integrity": "sha512-V7tF4Tv5nNKhLMmvrlJoLRwz15yFveoCeoXBRp8wf7TSEbe0av89x4tS6GIRd+uj1q13AQ8/2poncfO0mzpY5g==",
      "cpu": [
        "arm64"
      ],
      "optional": true,
      "os": [
        "darwin"
      ],
      "engines": {
        "node": ">=20.6.0"
      }
    },
    "node_modules/@typescript/native-preview-darwin-x64": {
      "version": "7.0.0-dev.20250529.1",
      "resolved": "https://registry.npmjs.org/@typescript/native-preview-darwin-x64/-/native-preview-darwin-x64-7.0.0-dev.20250529.1.tgz",
      "integrity": "sha512-U0Wq97aMlXI8Kc5WOm4g5zs9vFFdILhVW36LtDumpEJb5JmPO6CV96/q944IIoiRF8Bk9XEf8u9rDkoGyPc70w==",
      "cpu": [
        "x64"
      ],
      "optional": true,
      "os": [
        "darwin"
      ],
      "engines": {
        "node": ">=20.6.0"
      }
    },
    "node_modules/@typescript/native-preview-linux-arm": {
      "version": "7.0.0-dev.20250529.1",
      "resolved": "https://registry.npmjs.org/@typescript/native-preview-linux-arm/-/native-preview-linux-arm-7.0.0-dev.20250529.1.tgz",
      "integrity": "sha512-5yBW2z/HKxsVkqYGZuwPRNCUWgKwIpt1QCy9SLP9V4wPpsegFtS3BwisjkvkzEhLPNsPoybvE7X13enwiU2GqA==",
      "cpu": [
        "arm"
      ],
      "optional": true,
      "os": [
        "linux"
      ],
      "engines": {
        "node": ">=20.6.0"
      }
    },
    "node_modules/@typescript/native-preview-linux-arm64": {
      "version": "7.0.0-dev.20250529.1",
      "resolved": "https://registry.npmjs.org/@typescript/native-preview-linux-arm64/-/native-preview-linux-arm64-7.0.0-dev.20250529.1.tgz",
      "integrity": "sha512-UlXaNbFOCChEOCjrHs4BhCHQWeW4/MUFA57ujKvpgvEMUkC4PndgN4uTv80W+qAnHXtW8zNvdFxKNZ3n93Z0jA==",
      "cpu": [
        "arm64"
      ],
      "optional": true,
      "os": [
        "linux"
      ],
      "engines": {
        "node": ">=20.6.0"
      }
    },
    "node_modules/@typescript/native-preview-linux-x64": {
      "version": "7.0.0-dev.20250529.1",
      "resolved": "https://registry.npmjs.org/@typescript/native-preview-linux-x64/-/native-preview-linux-x64-7.0.0-dev.20250529.1.tgz",
      "integrity": "sha512-Fsmqtulf5kw8Ry/Ujo41IlxmtfQ3B/yCGOYorQaHvmaC4vRkaSIWGk1BSp03WR+a+3k/62qKe2mJYONSf8p02Q==",
      "cpu": [
        "x64"
      ],
      "optional": true,
      "os": [
        "linux"
      ],
      "engines": {
        "node": ">=20.6.0"
      }
    },
    "node_modules/@typescript/native-preview-win32-arm64": {
      "version": "7.0.0-dev.20250529.1",
      "resolved": "https://registry.npmjs.org/@typescript/native-preview-win32-arm64/-/native-preview-win32-arm64-7.0.0-dev.20250529.1.tgz",
      "integrity": "sha512-X8D5OL3AV4NghgLr1G8P0XeSJUeWDEaeA+VLMJhENRQu/Wv4FY+sykdC2a9XHuOOdB5qnhdLg0sMC5TeqlHYAw==",
      "cpu": [
        "arm64"
      ],
      "optional": true,
      "os": [
        "win32"
      ],
      "engines": {
        "node": ">=20.6.0"
      }
    },
    "node_modules/@typescript/native-preview-win32-x64": {
      "version": "7.0.0-dev.20250529.1",
      "resolved": "https://registry.npmjs.org/@typescript/native-preview-win32-x64/-/native-preview-win32-x64-7.0.0-dev.20250529.1.tgz",
      "integrity": "sha512-omry5Ao45tQ0Ci81lr11nPEPJDoBf15DkNP9VcLhmbuMAP0CL1qw/62NmAwS++9BrPKpAVWN+gcp7WkMT9A/BA==",
      "cpu": [
        "x64"
      ],
      "optional": true,
      "os": [
        "win32"
      ],
      "engines": {
        "node": ">=20.6.0"
      }
    }
  }
}
